
Microsoft Visual Studio Solution File, Format Version 12.00
# Visual Studio Version 17
VisualStudioVersion = 17.5.002.0
MinimumVisualStudioVersion = 10.0.40219.1
Project("{9A19103F-16F7-4668-BE54-9A1E7A4F7556}") = "BudgetMaster.Application", "BudgetMaster.Application\BudgetMaster.Application.csproj", "{6E3A9A3D-4FEA-4AF4-90EF-97A008CBAC82}"
EndProject
Project("{9A19103F-16F7-4668-BE54-9A1E7A4F7556}") = "BudgetMaster.Domain", "BudgetMaster.Domain\BudgetMaster.Domain.csproj", "{87AD7D34-7583-4B3C-88E0-90022B207E07}"
EndProject
Project("{9A19103F-16F7-4668-BE54-9A1E7A4F7556}") = "BudgetMaster.Infrastructure", "BudgetMaster.Infrastructure\BudgetMaster.Infrastructure.csproj", "{8922822A-0D2F-4173-950D-5A0FCDB4716A}"
EndProject
Project("{9A19103F-16F7-4668-BE54-9A1E7A4F7556}") = "BudgetMaster.WebUI", "BudgetMaster.WebUI\BudgetMaster.WebUI.csproj", "{4E8776E6-0C07-43A3-91B6-45F935ACB986}"
EndProject
Global
	GlobalSection(SolutionConfigurationPlatforms) = preSolution
		Debug|Any CPU = Debug|Any CPU
		Release|Any CPU = Release|Any CPU
	EndGlobalSection
	GlobalSection(ProjectConfigurationPlatforms) = postSolution
		{6E3A9A3D-4FEA-4AF4-90EF-97A008CBAC82}.Debug|Any CPU.ActiveCfg = Debug|Any CPU
		{6E3A9A3D-4FEA-4AF4-90EF-97A008CBAC82}.Debug|Any CPU.Build.0 = Debug|Any CPU
		{6E3A9A3D-4FEA-4AF4-90EF-97A008CBAC82}.Release|Any CPU.ActiveCfg = Release|Any CPU
		{6E3A9A3D-4FEA-4AF4-90EF-97A008CBAC82}.Release|Any CPU.Build.0 = Release|Any CPU
		{87AD7D34-7583-4B3C-88E0-90022B207E07}.Debug|Any CPU.ActiveCfg = Debug|Any CPU
		{87AD7D34-7583-4B3C-88E0-90022B207E07}.Debug|Any CPU.Build.0 = Debug|Any CPU
		{87AD7D34-7583-4B3C-88E0-90022B207E07}.Release|Any CPU.ActiveCfg = Release|Any CPU
		{87AD7D34-7583-4B3C-88E0-90022B207E07}.Release|Any CPU.Build.0 = Release|Any CPU
		{8922822A-0D2F-4173-950D-5A0FCDB4716A}.Debug|Any CPU.ActiveCfg = Debug|Any CPU
		{8922822A-0D2F-4173-950D-5A0FCDB4716A}.Debug|Any CPU.Build.0 = Debug|Any CPU
		{8922822A-0D2F-4173-950D-5A0FCDB4716A}.Release|Any CPU.ActiveCfg = Release|Any CPU
		{8922822A-0D2F-4173-950D-5A0FCDB4716A}.Release|Any CPU.Build.0 = Release|Any CPU
		{4E8776E6-0C07-43A3-91B6-45F935ACB986}.Debug|Any CPU.ActiveCfg = Debug|Any CPU
		{4E8776E6-0C07-43A3-91B6-45F935ACB986}.Debug|Any CPU.Build.0 = Debug|Any CPU
		{4E8776E6-0C07-43A3-91B6-45F935ACB986}.Release|Any CPU.ActiveCfg = Release|Any CPU
		{4E8776E6-0C07-43A3-91B6-45F935ACB986}.Release|Any CPU.Build.0 = Release|Any CPU
	EndGlobalSection
	GlobalSection(SolutionProperties) = preSolution
		HideSolutionNode = FALSE
	EndGlobalSection
	GlobalSection(ExtensibilityGlobals) = postSolution
		SolutionGuid = {F5D63032-D42E-4064-8790-D8272F70D0F7}
	EndGlobalSection
EndGlobal
